
Microsoft Visual Studio Solution File, Format Version 12.00
# Visual Studio 2012
Project("{FAE04EC0-301F-11D3-BF4B-00C04F79EFBC}") = "AuthBasicsConsoleApp", "AuthBasicsConsoleApp\AuthBasicsConsoleApp.csproj", "{87C7214B-6871-46AA-8CDC-29DFCB62B7A6}"
EndProject
Global
	GlobalSection(TeamFoundationVersionControl) = preSolution
		SccNumberOfProjects = 2
		SccEnterpriseProvider = {4CA58AB2-18FA-4F8D-95D4-32DDF27D184C}
		SccTeamFoundationServer = https://numerant.visualstudio.com/defaultcollection
		SccLocalPath0 = .
		SccProjectUniqueName1 = AuthBasicsConsoleApp\\AuthBasicsConsoleApp.csproj
		SccProjectName1 = AuthBasicsConsoleApp
		SccLocalPath1 = AuthBasicsConsoleApp
	EndGlobalSection
	GlobalSection(SolutionConfigurationPlatforms) = preSolution
		Debug|Any CPU = Debug|Any CPU
		Release|Any CPU = Release|Any CPU
	EndGlobalSection
	GlobalSection(ProjectConfigurationPlatforms) = postSolution
		{87C7214B-6871-46AA-8CDC-29DFCB62B7A6}.Debug|Any CPU.ActiveCfg = Debug|Any CPU
		{87C7214B-6871-46AA-8CDC-29DFCB62B7A6}.Debug|Any CPU.Build.0 = Debug|Any CPU
		{87C7214B-6871-46AA-8CDC-29DFCB62B7A6}.Release|Any CPU.ActiveCfg = Release|Any CPU
		{87C7214B-6871-46AA-8CDC-29DFCB62B7A6}.Release|Any CPU.Build.0 = Release|Any CPU
	EndGlobalSection
	GlobalSection(SolutionProperties) = preSolution
		HideSolutionNode = FALSE
	EndGlobalSection
EndGlobal
